
Microsoft Visual Studio Solution File, Format Version 12.00
# Visual Studio Version 17
VisualStudioVersion = 17.14.36301.6
MinimumVisualStudioVersion = 10.0.40219.1
Project("{FAE04EC0-301F-11D3-BF4B-00C04F79EFBC}") = "Htmlfiles", "Htmlfiles\Htmlfiles.csproj", "{AC2734F3-5AC8-443E-A0D8-24AA6BF77D09}"
EndProject
Project("{FAE04EC0-301F-11D3-BF4B-00C04F79EFBC}") = "Booking.Domain", "Booking.Domain\Booking.Domain.csproj", "{561C8A15-319A-43C4-ABDA-7AA9AE520069}"
EndProject
Project("{FAE04EC0-301F-11D3-BF4B-00C04F79EFBC}") = "Booking.Application", "Booking.Application\Booking.Application.csproj", "{C3C4B45C-6BC2-4A1B-9C06-2FF01CB0A569}"
EndProject
Project("{FAE04EC0-301F-11D3-BF4B-00C04F79EFBC}") = "Booking.Infrastructure", "Booking.Infrastructure\Booking.Infrastructure.csproj", "{BED0FC4F-2868-43EE-B2E9-9D8728EC2CCB}"
EndProject
Project("{FAE04EC0-301F-11D3-BF4B-00C04F79EFBC}") = "Booking.Web", "Booking.Web\Booking.Web.csproj", "{D0D3717F-7535-4573-8647-0D1B40955414}"
EndProject
Global
	GlobalSection(SolutionConfigurationPlatforms) = preSolution
		Debug|Any CPU = Debug|Any CPU
		Release|Any CPU = Release|Any CPU
	EndGlobalSection
	GlobalSection(ProjectConfigurationPlatforms) = postSolution
		{AC2734F3-5AC8-443E-A0D8-24AA6BF77D09}.Debug|Any CPU.ActiveCfg = Debug|Any CPU
		{AC2734F3-5AC8-443E-A0D8-24AA6BF77D09}.Debug|Any CPU.Build.0 = Debug|Any CPU
		{AC2734F3-5AC8-443E-A0D8-24AA6BF77D09}.Release|Any CPU.ActiveCfg = Release|Any CPU
		{AC2734F3-5AC8-443E-A0D8-24AA6BF77D09}.Release|Any CPU.Build.0 = Release|Any CPU
		{561C8A15-319A-43C4-ABDA-7AA9AE520069}.Debug|Any CPU.ActiveCfg = Debug|Any CPU
		{561C8A15-319A-43C4-ABDA-7AA9AE520069}.Debug|Any CPU.Build.0 = Debug|Any CPU
		{561C8A15-319A-43C4-ABDA-7AA9AE520069}.Release|Any CPU.ActiveCfg = Release|Any CPU
		{561C8A15-319A-43C4-ABDA-7AA9AE520069}.Release|Any CPU.Build.0 = Release|Any CPU
		{C3C4B45C-6BC2-4A1B-9C06-2FF01CB0A569}.Debug|Any CPU.ActiveCfg = Debug|Any CPU
		{C3C4B45C-6BC2-4A1B-9C06-2FF01CB0A569}.Debug|Any CPU.Build.0 = Debug|Any CPU
		{C3C4B45C-6BC2-4A1B-9C06-2FF01CB0A569}.Release|Any CPU.ActiveCfg = Release|Any CPU
		{C3C4B45C-6BC2-4A1B-9C06-2FF01CB0A569}.Release|Any CPU.Build.0 = Release|Any CPU
		{BED0FC4F-2868-43EE-B2E9-9D8728EC2CCB}.Debug|Any CPU.ActiveCfg = Debug|Any CPU
		{BED0FC4F-2868-43EE-B2E9-9D8728EC2CCB}.Debug|Any CPU.Build.0 = Debug|Any CPU
		{BED0FC4F-2868-43EE-B2E9-9D8728EC2CCB}.Release|Any CPU.ActiveCfg = Release|Any CPU
		{BED0FC4F-2868-43EE-B2E9-9D8728EC2CCB}.Release|Any CPU.Build.0 = Release|Any CPU
		{D0D3717F-7535-4573-8647-0D1B40955414}.Debug|Any CPU.ActiveCfg = Debug|Any CPU
		{D0D3717F-7535-4573-8647-0D1B40955414}.Debug|Any CPU.Build.0 = Debug|Any CPU
		{D0D3717F-7535-4573-8647-0D1B40955414}.Release|Any CPU.ActiveCfg = Release|Any CPU
		{D0D3717F-7535-4573-8647-0D1B40955414}.Release|Any CPU.Build.0 = Release|Any CPU
	EndGlobalSection
	GlobalSection(SolutionProperties) = preSolution
		HideSolutionNode = FALSE
	EndGlobalSection
	GlobalSection(ExtensibilityGlobals) = postSolution
		SolutionGuid = {ECF63EAC-2716-4CA7-BDE9-69CD00C077C9}
	EndGlobalSection
EndGlobal
